{
  "name": "tarefa-frontend",
  "version": "0.1.0",
  "lockfileVersion": 2,
  "requires": true,
  "packages": {
    "": {
      "devDependencies": {
        "@types/graceful-fs": "^4.1.6"
      }
    },
    "node_modules/@types/graceful-fs": {
      "version": "4.1.6",
      "resolved": "https://registry.npmjs.org/@types/graceful-fs/-/graceful-fs-4.1.6.tgz",
      "integrity": "sha512-Sig0SNORX9fdW+bQuTEovKj3uHcUL6LQKbCrrqb1X7J6/ReAbhCXRAhc+SMejhLELFj2QcyuxmUooZ4bt5ReSw==",
      "dev": true,
      "dependencies": {
        "@types/node": "*"
      }
    },
    "node_modules/@types/node": {
      "version": "16.18.31",
      "resolved": "https://registry.npmjs.org/@types/node/-/node-16.18.31.tgz",
      "integrity": "sha512-KPXltf4z4g517OlVJO9XQ2357CYw7fvuJ3ZuBynjXC5Jos9i+K7LvFb7bUIwtJXSZj0vTp9Q6NJBSQpkwwO8Zw==",
      "dev": true
    }
  },
  "dependencies": {
    "@types/graceful-fs": {
      "version": "4.1.6",
      "resolved": "https://registry.npmjs.org/@types/graceful-fs/-/graceful-fs-4.1.6.tgz",
      "integrity": "sha512-Sig0SNORX9fdW+bQuTEovKj3uHcUL6LQKbCrrqb1X7J6/ReAbhCXRAhc+SMejhLELFj2QcyuxmUooZ4bt5ReSw==",
      "dev": true,
      "requires": {
        "@types/node": "*"
      }
    },
    "@types/node": {
      "version": "16.18.31",
      "resolved": "https://registry.npmjs.org/@types/node/-/node-16.18.31.tgz",
      "integrity": "sha512-KPXltf4z4g517OlVJO9XQ2357CYw7fvuJ3ZuBynjXC5Jos9i+K7LvFb7bUIwtJXSZj0vTp9Q6NJBSQpkwwO8Zw==",
      "dev": true
    }
  }
}
